Microsoft Visual Studio Solution File, Format Version 12.00
# Visual Studio Version 18
VisualStudioVersion = 18.0.11205.157
MinimumVisualStudioVersion = 10.0.40219.1
Project("{FAE04EC0-301F-11D3-BF4B-00C04F79EFBC}") = "HotelBookingSystem.DAL", "HotelBookingSystem.DAL\HotelBookingSystem.DAL.csproj", "{D1F6E2C9-4B5A-4B7E-9F8C-0A3E8A9A7C5F}"
EndProject
Project("{FAE04EC0-301F-11D3-BF4B-00C04F79EFBC}") = "HotelBookingSystem.BLL", "HotelBookingSystem.BLL\HotelBookingSystem.BLL.csproj", "{A2B7C8D1-9E0F-4F1C-8D3A-2C1F3E0B9A8C}"
EndProject
Project("{FAE04EC0-301F-11D3-BF4B-00C04F79EFBC}") = "HotelBookingSystem.PL", "HotelBookingSystem.PL\HotelBookingSystem.PL.csproj", "{C3D4E5F6-7A8B-4C9D-A0B1-2D3E4F5A6B7C}"
EndProject
Project("{FAE04EC0-301F-11D3-BF4B-00C04F79EFBC}") = "HotelBookingSystem.Tests", "HotelBookingSystem.Tests\HotelBookingSystem.Tests.csproj", "{77B8130D-D506-4ECF-9563-A51547F529E3}"
EndProject
Project("{FAE04EC0-301F-11D3-BF4B-00C04F79EFBC}") = "HotelBookingSystem.Core", "HotelBookingSystem.Core\HotelBookingSystem.Core.csproj", "{1BCCE5BA-16EC-4B80-9E59-4F9F6AA3228C}"
EndProject
Global
	GlobalSection(SolutionConfigurationPlatforms) = preSolution
		Debug|Any CPU = Debug|Any CPU
		Release|Any CPU = Release|Any CPU
	EndGlobalSection
	GlobalSection(ProjectConfigurationPlatforms) = postSolution
		{D1F6E2C9-4B5A-4B7E-9F8C-0A3E8A9A7C5F}.Debug|Any CPU.ActiveCfg = Debug|Any CPU
		{D1F6E2C9-4B5A-4B7E-9F8C-0A3E8A9A7C5F}.Debug|Any CPU.Build.0 = Debug|Any CPU
		{D1F6E2C9-4B5A-4B7E-9F8C-0A3E8A9A7C5F}.Release|Any CPU.ActiveCfg = Release|Any CPU
		{D1F6E2C9-4B5A-4B7E-9F8C-0A3E8A9A7C5F}.Release|Any CPU.Build.0 = Release|Any CPU
		{A2B7C8D1-9E0F-4F1C-8D3A-2C1F3E0B9A8C}.Debug|Any CPU.ActiveCfg = Debug|Any CPU
		{A2B7C8D1-9E0F-4F1C-8D3A-2C1F3E0B9A8C}.Debug|Any CPU.Build.0 = Debug|Any CPU
		{A2B7C8D1-9E0F-4F1C-8D3A-2C1F3E0B9A8C}.Release|Any CPU.ActiveCfg = Release|Any CPU
		{A2B7C8D1-9E0F-4F1C-8D3A-2C1F3E0B9A8C}.Release|Any CPU.Build.0 = Release|Any CPU
		{C3D4E5F6-7A8B-4C9D-A0B1-2D3E4F5A6B7C}.Debug|Any CPU.ActiveCfg = Debug|Any CPU
		{C3D4E5F6-7A8B-4C9D-A0B1-2D3E4F5A6B7C}.Debug|Any CPU.Build.0 = Debug|Any CPU
		{C3D4E5F6-7A8B-4C9D-A0B1-2D3E4F5A6B7C}.Release|Any CPU.ActiveCfg = Release|Any CPU
		{C3D4E5F6-7A8B-4C9D-A0B1-2D3E4F5A6B7C}.Release|Any CPU.Build.0 = Release|Any CPU
		{77B8130D-D506-4ECF-9563-A51547F529E3}.Debug|Any CPU.ActiveCfg = Debug|Any CPU
		{77B8130D-D506-4ECF-9563-A51547F529E3}.Debug|Any CPU.Build.0 = Debug|Any CPU
		{77B8130D-D506-4ECF-9563-A51547F529E3}.Release|Any CPU.ActiveCfg = Release|Any CPU
		{77B8130D-D506-4ECF-9563-A51547F529E3}.Release|Any CPU.Build.0 = Release|Any CPU
		{1BCCE5BA-16EC-4B80-9E59-4F9F6AA3228C}.Debug|Any CPU.ActiveCfg = Debug|Any CPU
		{1BCCE5BA-16EC-4B80-9E59-4F9F6AA3228C}.Debug|Any CPU.Build.0 = Debug|Any CPU
		{1BCCE5BA-16EC-4B80-9E59-4F9F6AA3228C}.Release|Any CPU.ActiveCfg = Release|Any CPU
		{1BCCE5BA-16EC-4B80-9E59-4F9F6AA3228C}.Release|Any CPU.Build.0 = Release|Any CPU
	EndGlobalSection
	GlobalSection(SolutionProperties) = preSolution
		HideSolutionNode = FALSE
	EndGlobalSection
	GlobalSection(ExtensibilityGlobals) = postSolution
		SolutionGuid = {F9A0B1C2-D3E4-F5A6-B7C8-D9E0F1A2B3C4}
	EndGlobalSection
EndGlobal
